{
  "object": {
    "pins": [
      {
        "package": "PixelColor",
        "repositoryURL": "https://github.com/heestand-xyz/PixelColor",
        "state": {
          "branch": null,
          "revision": "ef2cebc37adcef71843f7d0cac46cce45c2acc40",
          "version": "1.2.1"
        }
      },
      {
        "package": "PixelKit",
        "repositoryURL": "https://github.com/hexagons/PixelKit",
        "state": {
          "branch": "lite",
          "revision": "2bcd3030fe16bd1e78090444cab004d846da101b",
          "version": null
        }
      },
      {
        "package": "RenderKit",
        "repositoryURL": "https://github.com/heestand-xyz/RenderKit",
        "state": {
          "branch": "lite",
          "revision": "2d9489605e08a439cecc18e1da55e31d93257e88",
          "version": null
        }
      },
      {
        "package": "Resolution",
        "repositoryURL": "https://github.com/heestand-xyz/Resolution",
        "state": {
          "branch": null,
          "revision": "a37b4b7a1c04f0ebe980cb083b7b85fe99a0ea52",
          "version": "1.0.1"
        }
      }
    ]
  },
  "version": 1
}
