PODS:
  - LiveValues (1.1.7)
  - PixelKit (1.0.0):
    - LiveValues (~> 1.1.7)
    - RenderKit (~> 0.3.6)
  - RenderKit (0.3.6):
    - LiveValues (~> 1.1.7)

DEPENDENCIES:
  - PixelKit (~> 1.0.0)

SPEC REPOS:
  trunk:
    - LiveValues
    - PixelKit
    - RenderKit

SPEC CHECKSUMS:
  LiveValues: 594cbefcdc010866b1ee38c22e5fc8136a9e88f7
  PixelKit: aed91369eb2070c36953b74df0b39a05b70c48a6
  RenderKit: 6dd98ffb0f8721e79038ee4afded8507784712f8

PODFILE CHECKSUM: 77908cbf24d7257a4baf36f7cef157ee28b67c04

COCOAPODS: 1.9.0
