PODS:
  - LiveValues (1.1.7)
  - PixelKit (1.0.1):
    - LiveValues (~> 1.1.7)
    - RenderKit (~> 0.3.8)
  - RenderKit (0.3.8):
    - LiveValues (~> 1.1.7)

DEPENDENCIES:
  - PixelKit (~> 1.0.1)

SPEC REPOS:
  trunk:
    - LiveValues
    - PixelKit
    - RenderKit

SPEC CHECKSUMS:
  LiveValues: 594cbefcdc010866b1ee38c22e5fc8136a9e88f7
  PixelKit: 30232060c5a8710d475fe9d70b692ea4d539bf21
  RenderKit: de2ebf9e383e6577fd9daeea1d31343d3e9d9f39

PODFILE CHECKSUM: f00224f69a9f5c3dffc40e99249df514e560faa8

COCOAPODS: 1.9.0
